{
  "version": 4,
  "terraform_version": "1.2.5",
  "serial": 28,
  "lineage": "3f665e23-0b21-5a9e-3df0-6facbe25e2ba",
  "outputs": {},
  "resources": [
    {
      "mode": "managed",
      "type": "azurerm_resource_group",
      "name": "example",
      "provider": "provider[\"registry.terraform.io/hashicorp/azurerm\"]",
      "instances": [
        {
          "schema_version": 0,
          "attributes": {
            "id": "/subscriptions/2f619ba4-7a2b-475d-89d8-1695f2c754a9/resourceGroups/stage-resources",
            "location": "southafricanorth",
            "name": "stage-resources",
            "tags": {},
            "timeouts": null
          },
          "sensitive_attributes": [],
          "private": "eyJlMmJmYjczMC1lY2FhLTExZTYtOGY4OC0zNDM2M2JjN2M0YzAiOnsiY3JlYXRlIjo1NDAwMDAwMDAwMDAwLCJkZWxldGUiOjU0MDAwMDAwMDAwMDAsInJlYWQiOjMwMDAwMDAwMDAwMCwidXBkYXRlIjo1NDAwMDAwMDAwMDAwfX0="
        }
      ]
    },
    {
      "mode": "managed",
      "type": "azurerm_storage_account",
      "name": "example",
      "provider": "provider[\"registry.terraform.io/hashicorp/azurerm\"]",
      "instances": [
        {
          "schema_version": 3,
          "attributes": {
            "access_tier": "Hot",
            "account_kind": "StorageV2",
            "account_replication_type": "GRS",
            "account_tier": "Standard",
            "allow_nested_items_to_be_public": true,
            "azure_files_authentication": [],
            "blob_properties": [
              {
                "change_feed_enabled": false,
                "container_delete_retention_policy": [],
                "cors_rule": [],
                "default_service_version": "",
                "delete_retention_policy": [],
                "last_access_time_enabled": false,
                "versioning_enabled": false
              }
            ],
            "cross_tenant_replication_enabled": true,
            "custom_domain": [],
            "customer_managed_key": [],
            "edge_zone": "",
            "enable_https_traffic_only": true,
            "id": "/subscriptions/2f619ba4-7a2b-475d-89d8-1695f2c754a9/resourceGroups/stage-resources/providers/Microsoft.Storage/storageAccounts/storageaccountnamee",
            "identity": [],
            "infrastructure_encryption_enabled": false,
            "is_hns_enabled": false,
            "large_file_share_enabled": null,
            "location": "southafricanorth",
            "min_tls_version": "TLS1_2",
            "name": "storageaccountnamee",
            "network_rules": [
              {
                "bypass": [
                  "AzureServices"
                ],
                "default_action": "Allow",
                "ip_rules": [],
                "private_link_access": [],
                "virtual_network_subnet_ids": []
              }
            ],
            "nfsv3_enabled": false,
            "primary_access_key": "tmAEqtWDplPAS1uA8bCYY+47vm6IXdXvINyb3UGbFvXZV4fW0G2b9SAkCqX+1xp59v71MeWUZv7O+ASt8mwjnQ==",
            "primary_blob_connection_string": "DefaultEndpointsProtocol=https;BlobEndpoint=https://storageaccountnamee.blob.core.windows.net/;AccountName=storageaccountnamee;AccountKey=tmAEqtWDplPAS1uA8bCYY+47vm6IXdXvINyb3UGbFvXZV4fW0G2b9SAkCqX+1xp59v71MeWUZv7O+ASt8mwjnQ==",
            "primary_blob_endpoint": "https://storageaccountnamee.blob.core.windows.net/",
            "primary_blob_host": "storageaccountnamee.blob.core.windows.net",
            "primary_connection_string": "DefaultEndpointsProtocol=https;AccountName=storageaccountnamee;AccountKey=tmAEqtWDplPAS1uA8bCYY+47vm6IXdXvINyb3UGbFvXZV4fW0G2b9SAkCqX+1xp59v71MeWUZv7O+ASt8mwjnQ==;EndpointSuffix=core.windows.net",
            "primary_dfs_endpoint": "https://storageaccountnamee.dfs.core.windows.net/",
            "primary_dfs_host": "storageaccountnamee.dfs.core.windows.net",
            "primary_file_endpoint": "https://storageaccountnamee.file.core.windows.net/",
            "primary_file_host": "storageaccountnamee.file.core.windows.net",
            "primary_location": "southafricanorth",
            "primary_queue_endpoint": "https://storageaccountnamee.queue.core.windows.net/",
            "primary_queue_host": "storageaccountnamee.queue.core.windows.net",
            "primary_table_endpoint": "https://storageaccountnamee.table.core.windows.net/",
            "primary_table_host": "storageaccountnamee.table.core.windows.net",
            "primary_web_endpoint": "https://storageaccountnamee.z1.web.core.windows.net/",
            "primary_web_host": "storageaccountnamee.z1.web.core.windows.net",
            "queue_encryption_key_type": "Service",
            "queue_properties": [
              {
                "cors_rule": [],
                "hour_metrics": [
                  {
                    "enabled": true,
                    "include_apis": true,
                    "retention_policy_days": 7,
                    "version": "1.0"
                  }
                ],
                "logging": [
                  {
                    "delete": false,
                    "read": false,
                    "retention_policy_days": 0,
                    "version": "1.0",
                    "write": false
                  }
                ],
                "minute_metrics": [
                  {
                    "enabled": false,
                    "include_apis": false,
                    "retention_policy_days": 0,
                    "version": "1.0"
                  }
                ]
              }
            ],
            "resource_group_name": "stage-resources",
            "routing": [],
            "secondary_access_key": "IFVwPPDaTVQSv5nmvLjlH01q7FS/97otisKF9tjHauTvRx+M/yV+TOQ1gbcrdThqvs+kJhMNSYnH+AStaWed4A==",
            "secondary_blob_connection_string": "",
            "secondary_blob_endpoint": null,
            "secondary_blob_host": null,
            "secondary_connection_string": "DefaultEndpointsProtocol=https;AccountName=storageaccountnamee;AccountKey=IFVwPPDaTVQSv5nmvLjlH01q7FS/97otisKF9tjHauTvRx+M/yV+TOQ1gbcrdThqvs+kJhMNSYnH+AStaWed4A==;EndpointSuffix=core.windows.net",
            "secondary_dfs_endpoint": null,
            "secondary_dfs_host": null,
            "secondary_file_endpoint": null,
            "secondary_file_host": null,
            "secondary_location": "southafricawest",
            "secondary_queue_endpoint": null,
            "secondary_queue_host": null,
            "secondary_table_endpoint": null,
            "secondary_table_host": null,
            "secondary_web_endpoint": null,
            "secondary_web_host": null,
            "share_properties": [
              {
                "cors_rule": [],
                "retention_policy": [
                  {
                    "days": 7
                  }
                ],
                "smb": []
              }
            ],
            "shared_access_key_enabled": true,
            "static_website": [],
            "table_encryption_key_type": "Service",
            "tags": null,
            "timeouts": null
          },
          "sensitive_attributes": [],
          "private": "eyJlMmJmYjczMC1lY2FhLTExZTYtOGY4OC0zNDM2M2JjN2M0YzAiOnsiY3JlYXRlIjozNjAwMDAwMDAwMDAwLCJkZWxldGUiOjM2MDAwMDAwMDAwMDAsInJlYWQiOjMwMDAwMDAwMDAwMCwidXBkYXRlIjozNjAwMDAwMDAwMDAwfSwic2NoZW1hX3ZlcnNpb24iOiIzIn0=",
          "dependencies": [
            "azurerm_resource_group.example"
          ]
        }
      ]
    },
    {
      "mode": "managed",
      "type": "azurerm_storage_blob",
      "name": "devops",
      "provider": "provider[\"registry.terraform.io/hashicorp/azurerm\"]",
      "instances": []
    },
    {
      "mode": "managed",
      "type": "azurerm_storage_container",
      "name": "devops",
      "provider": "provider[\"registry.terraform.io/hashicorp/azurerm\"]",
      "instances": []
    },
    {
      "mode": "managed",
      "type": "azurerm_storage_container",
      "name": "example",
      "provider": "provider[\"registry.terraform.io/hashicorp/azurerm\"]",
      "instances": [
        {
          "schema_version": 1,
          "attributes": {
            "container_access_type": "private",
            "has_immutability_policy": false,
            "has_legal_hold": false,
            "id": "https://storageaccountnamee.blob.core.windows.net/content",
            "metadata": {},
            "name": "content",
            "resource_manager_id": "/subscriptions/2f619ba4-7a2b-475d-89d8-1695f2c754a9/resourceGroups/stage-resources/providers/Microsoft.Storage/storageAccounts/storageaccountnamee/blobServices/default/containers/content",
            "storage_account_name": "storageaccountnamee",
            "timeouts": null
          },
          "sensitive_attributes": [],
          "private": "eyJlMmJmYjczMC1lY2FhLTExZTYtOGY4OC0zNDM2M2JjN2M0YzAiOnsiY3JlYXRlIjoxODAwMDAwMDAwMDAwLCJkZWxldGUiOjE4MDAwMDAwMDAwMDAsInJlYWQiOjMwMDAwMDAwMDAwMCwidXBkYXRlIjoxODAwMDAwMDAwMDAwfSwic2NoZW1hX3ZlcnNpb24iOiIxIn0=",
          "dependencies": [
            "azurerm_resource_group.example",
            "azurerm_storage_account.example"
          ]
        }
      ]
    }
  ]
}
